
Microsoft Visual Studio Solution File, Format Version 12.00
# Visual Studio Version 17
VisualStudioVersion = 17.14.36623.8
MinimumVisualStudioVersion = 10.0.40219.1
Project("{FAE04EC0-301F-11D3-BF4B-00C04F79EFBC}") = "Server", "Server\Server.csproj", "{807630FD-6ADD-4D5C-BD58-F264C594A7A9}"
EndProject
Project("{FAE04EC0-301F-11D3-BF4B-00C04F79EFBC}") = "Client", "Client\Client.csproj", "{D0B3247A-3673-4FF5-B13D-7B62179711AF}"
EndProject
Project("{FAE04EC0-301F-11D3-BF4B-00C04F79EFBC}") = "Shared", "Shared\Shared.csproj", "{9CEDF10A-7D0D-42BF-A8E1-692A6BEAE4B3}"
EndProject
Global
	GlobalSection(SolutionConfigurationPlatforms) = preSolution
		Debug|Any CPU = Debug|Any CPU
		Release|Any CPU = Release|Any CPU
	EndGlobalSection
	GlobalSection(ProjectConfigurationPlatforms) = postSolution
		{807630FD-6ADD-4D5C-BD58-F264C594A7A9}.Debug|Any CPU.ActiveCfg = Debug|Any CPU
		{807630FD-6ADD-4D5C-BD58-F264C594A7A9}.Debug|Any CPU.Build.0 = Debug|Any CPU
		{807630FD-6ADD-4D5C-BD58-F264C594A7A9}.Release|Any CPU.ActiveCfg = Release|Any CPU
		{807630FD-6ADD-4D5C-BD58-F264C594A7A9}.Release|Any CPU.Build.0 = Release|Any CPU
		{D0B3247A-3673-4FF5-B13D-7B62179711AF}.Debug|Any CPU.ActiveCfg = Debug|Any CPU
		{D0B3247A-3673-4FF5-B13D-7B62179711AF}.Debug|Any CPU.Build.0 = Debug|Any CPU
		{D0B3247A-3673-4FF5-B13D-7B62179711AF}.Release|Any CPU.ActiveCfg = Release|Any CPU
		{D0B3247A-3673-4FF5-B13D-7B62179711AF}.Release|Any CPU.Build.0 = Release|Any CPU
		{9CEDF10A-7D0D-42BF-A8E1-692A6BEAE4B3}.Debug|Any CPU.ActiveCfg = Debug|Any CPU
		{9CEDF10A-7D0D-42BF-A8E1-692A6BEAE4B3}.Debug|Any CPU.Build.0 = Debug|Any CPU
		{9CEDF10A-7D0D-42BF-A8E1-692A6BEAE4B3}.Release|Any CPU.ActiveCfg = Release|Any CPU
		{9CEDF10A-7D0D-42BF-A8E1-692A6BEAE4B3}.Release|Any CPU.Build.0 = Release|Any CPU
	EndGlobalSection
	GlobalSection(SolutionProperties) = preSolution
		HideSolutionNode = FALSE
	EndGlobalSection
	GlobalSection(ExtensibilityGlobals) = postSolution
		SolutionGuid = {E7D33676-7D9A-49E8-8934-3FA4B71D105D}
	EndGlobalSection
EndGlobal
